
Microsoft Visual Studio Solution File, Format Version 12.00
# Visual Studio 15
VisualStudioVersion = 15.0.26124.0
MinimumVisualStudioVersion = 15.0.26124.0
Project("{FAE04EC0-301F-11D3-BF4B-00C04F79EFBC}") = "aspnet", "client\aspnet.csproj", "{19B5C148-2901-4970-A85A-8DCF462CE0E2}"
EndProject
Project("{FAE04EC0-301F-11D3-BF4B-00C04F79EFBC}") = "storage", "storage\storage.csproj", "{8F1A77C7-B4AA-404F-B1BD-1E44A62A2EFA}"
EndProject
Project("{FAE04EC0-301F-11D3-BF4B-00C04F79EFBC}") = "domain", "domain\domain.csproj", "{2C75E8C0-0486-4664-8897-768BA6D4D5CE}"
EndProject
Project("{FAE04EC0-301F-11D3-BF4B-00C04F79EFBC}") = "client", "client\client.csproj", "{9D575085-FBEB-4CFE-BFB5-10CA96875A33}"
EndProject
Project("{FAE04EC0-301F-11D3-BF4B-00C04F79EFBC}") = "repo", "repo\repo.csproj", "{A83D1F39-5926-4AD5-8C55-EB1080226D61}"
EndProject
Project("{FAE04EC0-301F-11D3-BF4B-00C04F79EFBC}") = "testing", "testing\testing.csproj", "{9C126AA4-A934-4B44-8E45-EAF7BB072B3A}"
EndProject
Global
	GlobalSection(SolutionConfigurationPlatforms) = preSolution
		Debug|Any CPU = Debug|Any CPU
		Debug|x64 = Debug|x64
		Debug|x86 = Debug|x86
		Release|Any CPU = Release|Any CPU
		Release|x64 = Release|x64
		Release|x86 = Release|x86
	EndGlobalSection
	GlobalSection(SolutionProperties) = preSolution
		HideSolutionNode = FALSE
	EndGlobalSection
	GlobalSection(ProjectConfigurationPlatforms) = postSolution
		{19B5C148-2901-4970-A85A-8DCF462CE0E2}.Debug|Any CPU.ActiveCfg = Debug|Any CPU
		{19B5C148-2901-4970-A85A-8DCF462CE0E2}.Debug|Any CPU.Build.0 = Debug|Any CPU
		{19B5C148-2901-4970-A85A-8DCF462CE0E2}.Debug|x64.ActiveCfg = Debug|Any CPU
		{19B5C148-2901-4970-A85A-8DCF462CE0E2}.Debug|x64.Build.0 = Debug|Any CPU
		{19B5C148-2901-4970-A85A-8DCF462CE0E2}.Debug|x86.ActiveCfg = Debug|Any CPU
		{19B5C148-2901-4970-A85A-8DCF462CE0E2}.Debug|x86.Build.0 = Debug|Any CPU
		{19B5C148-2901-4970-A85A-8DCF462CE0E2}.Release|Any CPU.ActiveCfg = Release|Any CPU
		{19B5C148-2901-4970-A85A-8DCF462CE0E2}.Release|Any CPU.Build.0 = Release|Any CPU
		{19B5C148-2901-4970-A85A-8DCF462CE0E2}.Release|x64.ActiveCfg = Release|Any CPU
		{19B5C148-2901-4970-A85A-8DCF462CE0E2}.Release|x64.Build.0 = Release|Any CPU
		{19B5C148-2901-4970-A85A-8DCF462CE0E2}.Release|x86.ActiveCfg = Release|Any CPU
		{19B5C148-2901-4970-A85A-8DCF462CE0E2}.Release|x86.Build.0 = Release|Any CPU
		{8F1A77C7-B4AA-404F-B1BD-1E44A62A2EFA}.Debug|Any CPU.ActiveCfg = Debug|Any CPU
		{8F1A77C7-B4AA-404F-B1BD-1E44A62A2EFA}.Debug|Any CPU.Build.0 = Debug|Any CPU
		{8F1A77C7-B4AA-404F-B1BD-1E44A62A2EFA}.Debug|x64.ActiveCfg = Debug|Any CPU
		{8F1A77C7-B4AA-404F-B1BD-1E44A62A2EFA}.Debug|x64.Build.0 = Debug|Any CPU
		{8F1A77C7-B4AA-404F-B1BD-1E44A62A2EFA}.Debug|x86.ActiveCfg = Debug|Any CPU
		{8F1A77C7-B4AA-404F-B1BD-1E44A62A2EFA}.Debug|x86.Build.0 = Debug|Any CPU
		{8F1A77C7-B4AA-404F-B1BD-1E44A62A2EFA}.Release|Any CPU.ActiveCfg = Release|Any CPU
		{8F1A77C7-B4AA-404F-B1BD-1E44A62A2EFA}.Release|Any CPU.Build.0 = Release|Any CPU
		{8F1A77C7-B4AA-404F-B1BD-1E44A62A2EFA}.Release|x64.ActiveCfg = Release|Any CPU
		{8F1A77C7-B4AA-404F-B1BD-1E44A62A2EFA}.Release|x64.Build.0 = Release|Any CPU
		{8F1A77C7-B4AA-404F-B1BD-1E44A62A2EFA}.Release|x86.ActiveCfg = Release|Any CPU
		{8F1A77C7-B4AA-404F-B1BD-1E44A62A2EFA}.Release|x86.Build.0 = Release|Any CPU
		{2C75E8C0-0486-4664-8897-768BA6D4D5CE}.Debug|Any CPU.ActiveCfg = Debug|Any CPU
		{2C75E8C0-0486-4664-8897-768BA6D4D5CE}.Debug|Any CPU.Build.0 = Debug|Any CPU
		{2C75E8C0-0486-4664-8897-768BA6D4D5CE}.Debug|x64.ActiveCfg = Debug|Any CPU
		{2C75E8C0-0486-4664-8897-768BA6D4D5CE}.Debug|x64.Build.0 = Debug|Any CPU
		{2C75E8C0-0486-4664-8897-768BA6D4D5CE}.Debug|x86.ActiveCfg = Debug|Any CPU
		{2C75E8C0-0486-4664-8897-768BA6D4D5CE}.Debug|x86.Build.0 = Debug|Any CPU
		{2C75E8C0-0486-4664-8897-768BA6D4D5CE}.Release|Any CPU.ActiveCfg = Release|Any CPU
		{2C75E8C0-0486-4664-8897-768BA6D4D5CE}.Release|Any CPU.Build.0 = Release|Any CPU
		{2C75E8C0-0486-4664-8897-768BA6D4D5CE}.Release|x64.ActiveCfg = Release|Any CPU
		{2C75E8C0-0486-4664-8897-768BA6D4D5CE}.Release|x64.Build.0 = Release|Any CPU
		{2C75E8C0-0486-4664-8897-768BA6D4D5CE}.Release|x86.ActiveCfg = Release|Any CPU
		{2C75E8C0-0486-4664-8897-768BA6D4D5CE}.Release|x86.Build.0 = Release|Any CPU
		{9D575085-FBEB-4CFE-BFB5-10CA96875A33}.Debug|Any CPU.ActiveCfg = Debug|Any CPU
		{9D575085-FBEB-4CFE-BFB5-10CA96875A33}.Debug|Any CPU.Build.0 = Debug|Any CPU
		{9D575085-FBEB-4CFE-BFB5-10CA96875A33}.Debug|x64.ActiveCfg = Debug|Any CPU
		{9D575085-FBEB-4CFE-BFB5-10CA96875A33}.Debug|x64.Build.0 = Debug|Any CPU
		{9D575085-FBEB-4CFE-BFB5-10CA96875A33}.Debug|x86.ActiveCfg = Debug|Any CPU
		{9D575085-FBEB-4CFE-BFB5-10CA96875A33}.Debug|x86.Build.0 = Debug|Any CPU
		{9D575085-FBEB-4CFE-BFB5-10CA96875A33}.Release|Any CPU.ActiveCfg = Release|Any CPU
		{9D575085-FBEB-4CFE-BFB5-10CA96875A33}.Release|Any CPU.Build.0 = Release|Any CPU
		{9D575085-FBEB-4CFE-BFB5-10CA96875A33}.Release|x64.ActiveCfg = Release|Any CPU
		{9D575085-FBEB-4CFE-BFB5-10CA96875A33}.Release|x64.Build.0 = Release|Any CPU
		{9D575085-FBEB-4CFE-BFB5-10CA96875A33}.Release|x86.ActiveCfg = Release|Any CPU
		{9D575085-FBEB-4CFE-BFB5-10CA96875A33}.Release|x86.Build.0 = Release|Any CPU
		{A83D1F39-5926-4AD5-8C55-EB1080226D61}.Debug|Any CPU.ActiveCfg = Debug|Any CPU
		{A83D1F39-5926-4AD5-8C55-EB1080226D61}.Debug|Any CPU.Build.0 = Debug|Any CPU
		{A83D1F39-5926-4AD5-8C55-EB1080226D61}.Debug|x64.ActiveCfg = Debug|Any CPU
		{A83D1F39-5926-4AD5-8C55-EB1080226D61}.Debug|x64.Build.0 = Debug|Any CPU
		{A83D1F39-5926-4AD5-8C55-EB1080226D61}.Debug|x86.ActiveCfg = Debug|Any CPU
		{A83D1F39-5926-4AD5-8C55-EB1080226D61}.Debug|x86.Build.0 = Debug|Any CPU
		{A83D1F39-5926-4AD5-8C55-EB1080226D61}.Release|Any CPU.ActiveCfg = Release|Any CPU
		{A83D1F39-5926-4AD5-8C55-EB1080226D61}.Release|Any CPU.Build.0 = Release|Any CPU
		{A83D1F39-5926-4AD5-8C55-EB1080226D61}.Release|x64.ActiveCfg = Release|Any CPU
		{A83D1F39-5926-4AD5-8C55-EB1080226D61}.Release|x64.Build.0 = Release|Any CPU
		{A83D1F39-5926-4AD5-8C55-EB1080226D61}.Release|x86.ActiveCfg = Release|Any CPU
		{A83D1F39-5926-4AD5-8C55-EB1080226D61}.Release|x86.Build.0 = Release|Any CPU
		{9C126AA4-A934-4B44-8E45-EAF7BB072B3A}.Debug|Any CPU.ActiveCfg = Debug|Any CPU
		{9C126AA4-A934-4B44-8E45-EAF7BB072B3A}.Debug|Any CPU.Build.0 = Debug|Any CPU
		{9C126AA4-A934-4B44-8E45-EAF7BB072B3A}.Debug|x64.ActiveCfg = Debug|Any CPU
		{9C126AA4-A934-4B44-8E45-EAF7BB072B3A}.Debug|x64.Build.0 = Debug|Any CPU
		{9C126AA4-A934-4B44-8E45-EAF7BB072B3A}.Debug|x86.ActiveCfg = Debug|Any CPU
		{9C126AA4-A934-4B44-8E45-EAF7BB072B3A}.Debug|x86.Build.0 = Debug|Any CPU
		{9C126AA4-A934-4B44-8E45-EAF7BB072B3A}.Release|Any CPU.ActiveCfg = Release|Any CPU
		{9C126AA4-A934-4B44-8E45-EAF7BB072B3A}.Release|Any CPU.Build.0 = Release|Any CPU
		{9C126AA4-A934-4B44-8E45-EAF7BB072B3A}.Release|x64.ActiveCfg = Release|Any CPU
		{9C126AA4-A934-4B44-8E45-EAF7BB072B3A}.Release|x64.Build.0 = Release|Any CPU
		{9C126AA4-A934-4B44-8E45-EAF7BB072B3A}.Release|x86.ActiveCfg = Release|Any CPU
		{9C126AA4-A934-4B44-8E45-EAF7BB072B3A}.Release|x86.Build.0 = Release|Any CPU
	EndGlobalSection
EndGlobal
